
Microsoft Visual Studio Solution File, Format Version 12.00
# Visual Studio 15
VisualStudioVersion = 15.0.27004.2002
MinimumVisualStudioVersion = 10.0.40219.1
Project("{FAE04EC0-301F-11D3-BF4B-00C04F79EFBC}") = "Halite2", "Halite2\Halite2.csproj", "{37269968-02D5-47F4-817B-D8CD9B2E52C1}"
EndProject
Global
	GlobalSection(SolutionConfigurationPlatforms) = preSolution
		Debug|Any CPU = Debug|Any CPU
		Release|Any CPU = Release|Any CPU
	EndGlobalSection
	GlobalSection(ProjectConfigurationPlatforms) = postSolution
		{37269968-02D5-47F4-817B-D8CD9B2E52C1}.Debug|Any CPU.ActiveCfg = Debug|Any CPU
		{37269968-02D5-47F4-817B-D8CD9B2E52C1}.Debug|Any CPU.Build.0 = Debug|Any CPU
		{37269968-02D5-47F4-817B-D8CD9B2E52C1}.Release|Any CPU.ActiveCfg = Release|Any CPU
		{37269968-02D5-47F4-817B-D8CD9B2E52C1}.Release|Any CPU.Build.0 = Release|Any CPU
	EndGlobalSection
	GlobalSection(SolutionProperties) = preSolution
		HideSolutionNode = FALSE
	EndGlobalSection
	GlobalSection(ExtensibilityGlobals) = postSolution
		SolutionGuid = {F567997D-98CC-4F3A-A82E-AE5C4D72CAD9}
	EndGlobalSection
EndGlobal
