
Microsoft Visual Studio Solution File, Format Version 12.00
# Visual Studio 2013
VisualStudioVersion = 12.0.40629.0
MinimumVisualStudioVersion = 10.0.40219.1
Project("{8BC9CEB8-8B4A-11D0-8D11-00A0C91BC942}") = "Environment", "Environment\Environment.vcxproj", "{47EDEF10-6199-4E49-B63C-A3A1B0D046BD}"
EndProject
Project("{8BC9CEB8-8B4A-11D0-8D11-00A0C91BC942}") = "Visualizer", "Visualizer\Visualizer.vcxproj", "{15C815D1-BADE-4914-929E-6E0E97A73F5A}"
EndProject
Global
	GlobalSection(SolutionConfigurationPlatforms) = preSolution
		Debug|Win32 = Debug|Win32
		Release|Win32 = Release|Win32
	EndGlobalSection
	GlobalSection(ProjectConfigurationPlatforms) = postSolution
		{47EDEF10-6199-4E49-B63C-A3A1B0D046BD}.Debug|Win32.ActiveCfg = Debug|Win32
		{47EDEF10-6199-4E49-B63C-A3A1B0D046BD}.Debug|Win32.Build.0 = Debug|Win32
		{47EDEF10-6199-4E49-B63C-A3A1B0D046BD}.Release|Win32.ActiveCfg = Release|Win32
		{47EDEF10-6199-4E49-B63C-A3A1B0D046BD}.Release|Win32.Build.0 = Release|Win32
		{15C815D1-BADE-4914-929E-6E0E97A73F5A}.Debug|Win32.ActiveCfg = Debug|Win32
		{15C815D1-BADE-4914-929E-6E0E97A73F5A}.Debug|Win32.Build.0 = Debug|Win32
		{15C815D1-BADE-4914-929E-6E0E97A73F5A}.Release|Win32.ActiveCfg = Release|Win32
		{15C815D1-BADE-4914-929E-6E0E97A73F5A}.Release|Win32.Build.0 = Release|Win32
	EndGlobalSection
	GlobalSection(SolutionProperties) = preSolution
		HideSolutionNode = FALSE
	EndGlobalSection
EndGlobal
