<?xml version="1.0" encoding="utf-8"?>
<Project ToolsVersion="4.0" xmlns="http://schemas.microsoft.com/developer/msbuild/2003">
  <ItemGroup>
    <Filter Include="GameLogic">
      <UniqueIdentifier>{a21223ea-3a37-46cb-a0e1-e0da1f9c7a4b}</UniqueIdentifier>
    </Filter>
    <Filter Include="shaders">
      <UniqueIdentifier>{92943225-5aa1-4f7f-969b-89c9092ff471}</UniqueIdentifier>
    </Filter>
  </ItemGroup>
  <ItemGroup>
    <ClCompile Include="Classes\GameLogic\Halite.cpp">
      <Filter>GameLogic</Filter>
    </ClCompile>
    <ClCompile Include="Classes\main.cpp" />
    <ClCompile Include="Classes\Util.cpp" />
  </ItemGroup>
  <ItemGroup>
    <ClInclude Include="Classes\GameLogic\Halite.h">
      <Filter>GameLogic</Filter>
    </ClInclude>
    <ClInclude Include="Classes\GameLogic\hlt.h">
      <Filter>GameLogic</Filter>
    </ClInclude>
    <ClInclude Include="Classes\OpenGL.h" />
    <ClInclude Include="Classes\Util.h" />
    <ClInclude Include="Classes\Networking.h" />
  </ItemGroup>
  <ItemGroup>
    <None Include="Classes\shaders\vertexshader.glsl">
      <Filter>shaders</Filter>
    </None>
    <None Include="Classes\shaders\fragmentshader.glsl">
      <Filter>shaders</Filter>
    </None>
    <None Include="Classes\shaders\geometryshader.glsl">
      <Filter>shaders</Filter>
    </None>
  </ItemGroup>
</Project>