<?xml version="1.0" encoding="utf-8"?>
<Project ToolsVersion="4.0" xmlns="http://schemas.microsoft.com/developer/msbuild/2003">
  <ItemGroup>
    <ClCompile Include="main.cpp" />
    <ClCompile Include="Core\Halite.cpp">
      <Filter>Core</Filter>
    </ClCompile>
  </ItemGroup>
  <ItemGroup>
    <ClInclude Include="Networking.h" />
    <ClInclude Include="Core\Halite.h">
      <Filter>Core</Filter>
    </ClInclude>
    <ClInclude Include="Core\hlt.h">
      <Filter>Core</Filter>
    </ClInclude>
  </ItemGroup>
  <ItemGroup>
    <Filter Include="Core">
      <UniqueIdentifier>{e1f0ea52-5501-4c09-8334-9f6d4f86ba93}</UniqueIdentifier>
    </Filter>
  </ItemGroup>
</Project>